{
  "name": "radio",
  "lockfileVersion": 3,
  "requires": true,
  "packages": {
    "": {
      "dependencies": {
        "oh-my-opencode-linux-x64": "^3.12.3"
      },
      "devDependencies": {
        "baseline-browser-mapping": "^2.9.19"
      }
    },
    "node_modules/baseline-browser-mapping": {
      "version": "2.9.19",
      "resolved": "https://registry.npmjs.org/baseline-browser-mapping/-/baseline-browser-mapping-2.9.19.tgz",
      "integrity": "sha512-ipDqC8FrAl/76p2SSWKSI+H9tFwm7vYqXQrItCuiVPt26Km0jS+NzSsBWAaBusvSbQcfJG+JitdMm+wZAgTYqg==",
      "dev": true,
      "license": "Apache-2.0",
      "bin": {
        "baseline-browser-mapping": "dist/cli.js"
      }
    },
    "node_modules/oh-my-opencode-linux-x64": {
      "version": "3.12.3",
      "resolved": "https://registry.npmjs.org/oh-my-opencode-linux-x64/-/oh-my-opencode-linux-x64-3.12.3.tgz",
      "integrity": "sha512-ecnrPXY5vqTK/nFfuuOihHo0FsnhZbtr8M6rBNBninIcEkmmfWcDx7qlrtc7Q04EE9J0qT3GyW2sKPGbRVPUjw==",
      "cpu": [
        "x64"
      ],
      "license": "MIT",
      "os": [
        "linux"
      ],
      "bin": {
        "oh-my-opencode": "bin/oh-my-opencode"
      }
    }
  }
}
